{
  "name": "h2o-wave",
  "version": "1.0.0",
  "lockfileVersion": 1,
  "requires": true,
  "dependencies": {
    "buffer-from": {
      "version": "1.1.1",
      "resolved": "https://registry.npmjs.org/buffer-from/-/buffer-from-1.1.1.tgz",
      "integrity": "sha512-MQcXEUbCKtEo7bhqEs6560Hyd4XaovZlO/k9V3hjVUF/zwW7KBVdSK4gIt/bzwS9MbR5qob+F5jusZsb0YQK2A==",
      "dev": true
    },
    "commander": {
      "version": "2.20.3",
      "resolved": "https://registry.npmjs.org/commander/-/commander-2.20.3.tgz",
      "integrity": "sha512-GpVkmM8vF2vQUkj2LvZmD35JxeJOLCwJ9cUkugyk2nuhbv3+mJvpLYYt+0+USMxE+oj+ey/lJEnhZw75x/OMcQ==",
      "dev": true
    },
    "source-map": {
      "version": "0.7.3",
      "resolved": "https://registry.npmjs.org/source-map/-/source-map-0.7.3.tgz",
      "integrity": "sha512-CkCj6giN3S+n9qrYiBTX5gystlENnRW5jZeNLHpe6aue+SrHcG5VYwujhW9s4dY31mEGsxBDrHR6oI69fTXsaQ==",
      "dev": true
    },
    "source-map-support": {
      "version": "0.5.19",
      "resolved": "https://registry.npmjs.org/source-map-support/-/source-map-support-0.5.19.tgz",
      "integrity": "sha512-Wonm7zOCIJzBGQdB+thsPar0kYuCIzYvxZwlBa87yi/Mdjv7Tip2cyVbLj5o0cFPN4EVkuTwb3GDDyUx2DGnGw==",
      "dev": true,
      "requires": {
        "buffer-from": "^1.0.0",
        "source-map": "^0.6.0"
      },
      "dependencies": {
        "source-map": {
          "version": "0.6.1",
          "resolved": "https://registry.npmjs.org/source-map/-/source-map-0.6.1.tgz",
          "integrity": "sha512-UjgapumWlbMhkBgzT7Ykc5YXUT46F0iKu8SGXq0bcwP5dz/h0Plj6enJqjz1Zbq2l5WaqYnrVbwWOWMyF3F47g==",
          "dev": true
        }
      }
    },
    "terser": {
      "version": "5.7.0",
      "resolved": "https://registry.npmjs.org/terser/-/terser-5.7.0.tgz",
      "integrity": "sha512-HP5/9hp2UaZt5fYkuhNBR8YyRcT8juw8+uFbAme53iN9hblvKnLUTKkmwJG6ocWpIKf8UK4DoeWG4ty0J6S6/g==",
      "dev": true,
      "requires": {
        "commander": "^2.20.0",
        "source-map": "~0.7.2",
        "source-map-support": "~0.5.19"
      }
    },
    "typescript": {
      "version": "4.2.4",
      "resolved": "https://registry.npmjs.org/typescript/-/typescript-4.2.4.tgz",
      "integrity": "sha512-V+evlYHZnQkaz8TRBuxTA92yZBPotr5H+WhQ7bD3hZUndx5tGOa1fuCgeSjxAzM1RiN5IzvadIXTVefuuwZCRg==",
      "dev": true
    }
  }
}
